
Microsoft Visual Studio Solution File, Format Version 12.00
# Visual Studio Version 17
VisualStudioVersion = 17.4.33213.308
MinimumVisualStudioVersion = 10.0.40219.1
Project("{FAE04EC0-301F-11D3-BF4B-00C04F79EFBC}") = "PersonasWeb", "PersonasWeb\PersonasWeb.csproj", "{0ECE347D-C098-4B63-9CC6-2386A3BA384A}"
EndProject
Global
	GlobalSection(SolutionConfigurationPlatforms) = preSolution
		Debug|Any CPU = Debug|Any CPU
		Release|Any CPU = Release|Any CPU
	EndGlobalSection
	GlobalSection(ProjectConfigurationPlatforms) = postSolution
		{0ECE347D-C098-4B63-9CC6-2386A3BA384A}.Debug|Any CPU.ActiveCfg = Debug|Any CPU
		{0ECE347D-C098-4B63-9CC6-2386A3BA384A}.Debug|Any CPU.Build.0 = Debug|Any CPU
		{0ECE347D-C098-4B63-9CC6-2386A3BA384A}.Release|Any CPU.ActiveCfg = Release|Any CPU
		{0ECE347D-C098-4B63-9CC6-2386A3BA384A}.Release|Any CPU.Build.0 = Release|Any CPU
	EndGlobalSection
	GlobalSection(SolutionProperties) = preSolution
		HideSolutionNode = FALSE
	EndGlobalSection
	GlobalSection(ExtensibilityGlobals) = postSolution
		SolutionGuid = {FDA39A5A-18C9-473F-8190-EBC12030A3F4}
	EndGlobalSection
EndGlobal
